
Microsoft Visual Studio Solution File, Format Version 12.00
# Visual Studio Version 16
VisualStudioVersion = 16.0.30011.22
MinimumVisualStudioVersion = 10.0.40219.1
Project("{FAE04EC0-301F-11D3-BF4B-00C04F79EFBC}") = "growidchecker", "growidchecker.csproj", "{CE891E82-7544-4ED3-82DA-D0CB417B199C}"
EndProject
Global
	GlobalSection(SolutionConfigurationPlatforms) = preSolution
		Debug|Any CPU = Debug|Any CPU
		Debug|x64 = Debug|x64
		Debug|x86 = Debug|x86
		Release|Any CPU = Release|Any CPU
		Release|x64 = Release|x64
		Release|x86 = Release|x86
	EndGlobalSection
	GlobalSection(ProjectConfigurationPlatforms) = postSolution
		{CE891E82-7544-4ED3-82DA-D0CB417B199C}.Debug|Any CPU.ActiveCfg = Debug|Any CPU
		{CE891E82-7544-4ED3-82DA-D0CB417B199C}.Debug|Any CPU.Build.0 = Debug|Any CPU
		{CE891E82-7544-4ED3-82DA-D0CB417B199C}.Debug|x64.ActiveCfg = Debug|x64
		{CE891E82-7544-4ED3-82DA-D0CB417B199C}.Debug|x64.Build.0 = Debug|x64
		{CE891E82-7544-4ED3-82DA-D0CB417B199C}.Debug|x86.ActiveCfg = Debug|x86
		{CE891E82-7544-4ED3-82DA-D0CB417B199C}.Debug|x86.Build.0 = Debug|x86
		{CE891E82-7544-4ED3-82DA-D0CB417B199C}.Release|Any CPU.ActiveCfg = Release|Any CPU
		{CE891E82-7544-4ED3-82DA-D0CB417B199C}.Release|Any CPU.Build.0 = Release|Any CPU
		{CE891E82-7544-4ED3-82DA-D0CB417B199C}.Release|x64.ActiveCfg = Release|x64
		{CE891E82-7544-4ED3-82DA-D0CB417B199C}.Release|x64.Build.0 = Release|x64
		{CE891E82-7544-4ED3-82DA-D0CB417B199C}.Release|x86.ActiveCfg = Release|x86
		{CE891E82-7544-4ED3-82DA-D0CB417B199C}.Release|x86.Build.0 = Release|x86
	EndGlobalSection
	GlobalSection(SolutionProperties) = preSolution
		HideSolutionNode = FALSE
	EndGlobalSection
	GlobalSection(ExtensibilityGlobals) = postSolution
		SolutionGuid = {0E683C40-8B61-4787-956C-1C6B04E7379B}
	EndGlobalSection
EndGlobal
